PODS:
  - SnapKit (4.2.0)
  - TransitionProgressBar (0.1.0):
    - SnapKit (~> 4.2.0)

DEPENDENCIES:
  - TransitionProgressBar (from `../`)

SPEC REPOS:
  https://github.com/cocoapods/specs.git:
    - SnapKit

EXTERNAL SOURCES:
  TransitionProgressBar:
    :path: "../"

SPEC CHECKSUMS:
  SnapKit: fe8a619752f3f27075cc9a90244d75c6c3f27e2a
  TransitionProgressBar: 7ce888a2931970b9ba17390af894dc1caaade847

PODFILE CHECKSUM: 004e5be6135bb64a269260d6d68f92137d956c64

COCOAPODS: 1.6.0.beta.2
