PODS:
  - Relieve (0.1.0):
    - SnapKit (~> 5.0.0)
  - SnapKit (5.0.0)
  - TransitionProgressBar (0.1.2):
    - SnapKit (~> 5.0.0)

DEPENDENCIES:
  - Relieve (from `https://github.com/alexanderkorus/Relieve.git`)
  - TransitionProgressBar (from `../`)

SPEC REPOS:
  https://github.com/cocoapods/specs.git:
    - SnapKit

EXTERNAL SOURCES:
  Relieve:
    :git: https://github.com/alexanderkorus/Relieve.git
  TransitionProgressBar:
    :path: "../"

CHECKOUT OPTIONS:
  Relieve:
    :commit: 13ad7c353c045053a093001f7d6cdd3f41bf9fd0
    :git: https://github.com/alexanderkorus/Relieve.git

SPEC CHECKSUMS:
  Relieve: 4b45db3111eb1478802c3d56c437b878de859137
  SnapKit: fd22d10eb9aff484d79a8724eab922c1ddf89bcf
  TransitionProgressBar: 7a850fd5a0b892688d6dd973810ef5ebfc9c59bb

PODFILE CHECKSUM: 3d943829ec3bac19be47006a352a572089c467c5

COCOAPODS: 1.6.1
